{
  "name": "overmindjs",
  "version": "1.0.0",
  "lockfileVersion": 1,
  "requires": true,
  "dependencies": {
    "@types/node": {
      "version": "10.12.18",
      "resolved": "https://registry.npmjs.org/@types/node/-/node-10.12.18.tgz",
      "integrity": "sha512-fh+pAqt4xRzPfqA6eh3Z2y6fyZavRIumvjhaCL753+TVkGKGhpPeyrJG2JftD0T9q4GF00KjefsQ+PQNDdWQaQ=="
    },
    "betsy": {
      "version": "1.0.1",
      "resolved": "https://registry.npmjs.org/betsy/-/betsy-1.0.1.tgz",
      "integrity": "sha512-NctFuI8ZFrYRbd6qkMAGfw22EOYipJWTBv0SNL2SAhmcmJw/GzeXORJ58jaXmp/7WI4H8s8lJ0Eb5GIPPyn9Mw==",
      "requires": {
        "@types/node": "^10.5.1",
        "tslib": "^1.9.3"
      }
    },
    "is-plain-obj": {
      "version": "1.1.0",
      "resolved": "https://registry.npmjs.org/is-plain-obj/-/is-plain-obj-1.1.0.tgz",
      "integrity": "sha1-caUMhCnfync8kqOQpKA7OfzVHT4="
    },
    "overmind": {
      "version": "13.0.0",
      "resolved": "https://registry.npmjs.org/overmind/-/overmind-13.0.0.tgz",
      "integrity": "sha512-p18h/sJnvns4YqlQY4jrLPM/FaueuCgLf8fJKsBjiAi7LAmXxmV1MSTRyz4/8Vk2IMcuqMN2yXUA1a8YH1CmwA==",
      "requires": {
        "@types/node": "^10.5.1",
        "betsy": "1.0.1",
        "is-plain-obj": "^1.1.0",
        "proxy-state-tree": "4.1.0",
        "tslib": "^1.9.3"
      }
    },
    "overmind-react": {
      "version": "14.0.0",
      "resolved": "https://registry.npmjs.org/overmind-react/-/overmind-react-14.0.0.tgz",
      "integrity": "sha512-ZSB/z4H1n5nclugr47n1va2kN/ZehGYd6f+D5G5Xy3svj9iykqbSBibrEIYF/zJxt7NyMxat6sz5XAiJ0rNaGg==",
      "requires": {
        "@types/node": "^10.5.1",
        "overmind": "13.0.0",
        "tslib": "^1.9.3"
      }
    },
    "proxy-state-tree": {
      "version": "4.1.0",
      "resolved": "https://registry.npmjs.org/proxy-state-tree/-/proxy-state-tree-4.1.0.tgz",
      "integrity": "sha512-aYU0/SbU6SctFw0n+ZiLhmbFpGWL5KQeGCGhf1HZOxDVW6BtBKLxR/O7uSsSSGXigOeeIVzIAijDaKvwbgj3ew==",
      "requires": {
        "is-plain-obj": "^1.1.0"
      }
    },
    "tslib": {
      "version": "1.9.3",
      "resolved": "https://registry.npmjs.org/tslib/-/tslib-1.9.3.tgz",
      "integrity": "sha512-4krF8scpejhaOgqzBEcGM7yDIEfi0/8+8zDRZhNZZ2kjmHJ4hv3zCbQWxoJGz1iw5U0Jl0nma13xzHXcncMavQ=="
    }
  }
}
